
Microsoft Visual Studio Solution File, Format Version 12.00
# Visual Studio 15
VisualStudioVersion = 15.0.28010.2041
MinimumVisualStudioVersion = 10.0.40219.1
Project("{8BC9CEB8-8B4A-11D0-8D11-00A0C91BC942}") = "da_midterm", "da_midterm\da_midterm.vcxproj", "{4571A535-BA8E-47EC-A73B-D5587AFC42DF}"
EndProject
Project("{8BC9CEB8-8B4A-11D0-8D11-00A0C91BC942}") = "UI", "UI\UI.vcxproj", "{B313A8D4-A59C-47A6-B306-45095A7C0734}"
EndProject
Global
	GlobalSection(SolutionConfigurationPlatforms) = preSolution
		Debug|x64 = Debug|x64
		Debug|x86 = Debug|x86
		Release|x64 = Release|x64
		Release|x86 = Release|x86
	EndGlobalSection
	GlobalSection(ProjectConfigurationPlatforms) = postSolution
		{4571A535-BA8E-47EC-A73B-D5587AFC42DF}.Debug|x64.ActiveCfg = Debug|x64
		{4571A535-BA8E-47EC-A73B-D5587AFC42DF}.Debug|x64.Build.0 = Debug|x64
		{4571A535-BA8E-47EC-A73B-D5587AFC42DF}.Debug|x86.ActiveCfg = Debug|Win32
		{4571A535-BA8E-47EC-A73B-D5587AFC42DF}.Debug|x86.Build.0 = Debug|Win32
		{4571A535-BA8E-47EC-A73B-D5587AFC42DF}.Release|x64.ActiveCfg = Release|x64
		{4571A535-BA8E-47EC-A73B-D5587AFC42DF}.Release|x64.Build.0 = Release|x64
		{4571A535-BA8E-47EC-A73B-D5587AFC42DF}.Release|x86.ActiveCfg = Release|Win32
		{4571A535-BA8E-47EC-A73B-D5587AFC42DF}.Release|x86.Build.0 = Release|Win32
		{B313A8D4-A59C-47A6-B306-45095A7C0734}.Debug|x64.ActiveCfg = Debug|x64
		{B313A8D4-A59C-47A6-B306-45095A7C0734}.Debug|x64.Build.0 = Debug|x64
		{B313A8D4-A59C-47A6-B306-45095A7C0734}.Debug|x86.ActiveCfg = Debug|Win32
		{B313A8D4-A59C-47A6-B306-45095A7C0734}.Debug|x86.Build.0 = Debug|Win32
		{B313A8D4-A59C-47A6-B306-45095A7C0734}.Release|x64.ActiveCfg = Release|x64
		{B313A8D4-A59C-47A6-B306-45095A7C0734}.Release|x64.Build.0 = Release|x64
		{B313A8D4-A59C-47A6-B306-45095A7C0734}.Release|x86.ActiveCfg = Release|Win32
		{B313A8D4-A59C-47A6-B306-45095A7C0734}.Release|x86.Build.0 = Release|Win32
	EndGlobalSection
	GlobalSection(SolutionProperties) = preSolution
		HideSolutionNode = FALSE
	EndGlobalSection
	GlobalSection(ExtensibilityGlobals) = postSolution
		SolutionGuid = {84574D7D-0EFC-4648-A735-46632CEF3746}
	EndGlobalSection
EndGlobal
